
Microsoft Visual Studio Solution File, Format Version 12.00
# Visual Studio Version 16
VisualStudioVersion = 16.0.29025.244
MinimumVisualStudioVersion = 10.0.40219.1
Project("{FAE04EC0-301F-11D3-BF4B-00C04F79EFBC}") = "dataDiffTime", "dataDiffTime\dataDiffTime.csproj", "{A765D7F2-FF0C-49F9-8AF1-DA1E6AF6BBEA}"
EndProject
Global
	GlobalSection(SolutionConfigurationPlatforms) = preSolution
		Debug|Any CPU = Debug|Any CPU
		Release|Any CPU = Release|Any CPU
	EndGlobalSection
	GlobalSection(ProjectConfigurationPlatforms) = postSolution
		{A765D7F2-FF0C-49F9-8AF1-DA1E6AF6BBEA}.Debug|Any CPU.ActiveCfg = Debug|Any CPU
		{A765D7F2-FF0C-49F9-8AF1-DA1E6AF6BBEA}.Debug|Any CPU.Build.0 = Debug|Any CPU
		{A765D7F2-FF0C-49F9-8AF1-DA1E6AF6BBEA}.Release|Any CPU.ActiveCfg = Release|Any CPU
		{A765D7F2-FF0C-49F9-8AF1-DA1E6AF6BBEA}.Release|Any CPU.Build.0 = Release|Any CPU
	EndGlobalSection
	GlobalSection(SolutionProperties) = preSolution
		HideSolutionNode = FALSE
	EndGlobalSection
	GlobalSection(ExtensibilityGlobals) = postSolution
		SolutionGuid = {D0BDF745-3059-4674-96C0-1CFA111744A1}
	EndGlobalSection
EndGlobal
